
Microsoft Visual Studio Solution File, Format Version 12.00
# Visual Studio Version 17
VisualStudioVersion = 17.7.34031.279
MinimumVisualStudioVersion = 10.0.40219.1
Project("{FAE04EC0-301F-11D3-BF4B-00C04F79EFBC}") = "Final", "Final\Final.csproj", "{32F03D48-2B82-4A46-9BE5-E0969D0CEFDD}"
EndProject
Global
	GlobalSection(SolutionConfigurationPlatforms) = preSolution
		Debug|Any CPU = Debug|Any CPU
		Release|Any CPU = Release|Any CPU
	EndGlobalSection
	GlobalSection(ProjectConfigurationPlatforms) = postSolution
		{32F03D48-2B82-4A46-9BE5-E0969D0CEFDD}.Debug|Any CPU.ActiveCfg = Debug|Any CPU
		{32F03D48-2B82-4A46-9BE5-E0969D0CEFDD}.Debug|Any CPU.Build.0 = Debug|Any CPU
		{32F03D48-2B82-4A46-9BE5-E0969D0CEFDD}.Release|Any CPU.ActiveCfg = Release|Any CPU
		{32F03D48-2B82-4A46-9BE5-E0969D0CEFDD}.Release|Any CPU.Build.0 = Release|Any CPU
	EndGlobalSection
	GlobalSection(SolutionProperties) = preSolution
		HideSolutionNode = FALSE
	EndGlobalSection
	GlobalSection(ExtensibilityGlobals) = postSolution
		SolutionGuid = {3620852B-A805-45AD-8E61-B6CDCB9959C5}
	EndGlobalSection
EndGlobal
